
Microsoft Visual Studio Solution File, Format Version 12.00
# Visual Studio Version 17
VisualStudioVersion = 17.14.37628.2 d17.14
MinimumVisualStudioVersion = 10.0.40219.1
Project("{FAE04EC0-301F-11D3-BF4B-00C04F79EFBC}") = "Range_checker", "Range_checker\Range_checker.csproj", "{B803C4D7-F896-4343-BD1B-70F0BE5762DF}"
EndProject
Global
	GlobalSection(SolutionConfigurationPlatforms) = preSolution
		Debug|Any CPU = Debug|Any CPU
		Release|Any CPU = Release|Any CPU
	EndGlobalSection
	GlobalSection(ProjectConfigurationPlatforms) = postSolution
		{B803C4D7-F896-4343-BD1B-70F0BE5762DF}.Debug|Any CPU.ActiveCfg = Debug|Any CPU
		{B803C4D7-F896-4343-BD1B-70F0BE5762DF}.Debug|Any CPU.Build.0 = Debug|Any CPU
		{B803C4D7-F896-4343-BD1B-70F0BE5762DF}.Release|Any CPU.ActiveCfg = Release|Any CPU
		{B803C4D7-F896-4343-BD1B-70F0BE5762DF}.Release|Any CPU.Build.0 = Release|Any CPU
	EndGlobalSection
	GlobalSection(SolutionProperties) = preSolution
		HideSolutionNode = FALSE
	EndGlobalSection
	GlobalSection(ExtensibilityGlobals) = postSolution
		SolutionGuid = {554D6174-6343-498F-8E72-AA5F88FE3240}
	EndGlobalSection
EndGlobal
