
Microsoft Visual Studio Solution File, Format Version 12.00
# Visual Studio Version 17
VisualStudioVersion = 17.14.37628.2 d17.14
MinimumVisualStudioVersion = 10.0.40219.1
Project("{FAE04EC0-301F-11D3-BF4B-00C04F79EFBC}") = "payrollwith overtime", "payrollwith overtime\payrollwith overtime.csproj", "{AB65FE50-2B64-43EE-BC49-B18EE7528335}"
EndProject
Global
	GlobalSection(SolutionConfigurationPlatforms) = preSolution
		Debug|Any CPU = Debug|Any CPU
		Release|Any CPU = Release|Any CPU
	EndGlobalSection
	GlobalSection(ProjectConfigurationPlatforms) = postSolution
		{AB65FE50-2B64-43EE-BC49-B18EE7528335}.Debug|Any CPU.ActiveCfg = Debug|Any CPU
		{AB65FE50-2B64-43EE-BC49-B18EE7528335}.Debug|Any CPU.Build.0 = Debug|Any CPU
		{AB65FE50-2B64-43EE-BC49-B18EE7528335}.Release|Any CPU.ActiveCfg = Release|Any CPU
		{AB65FE50-2B64-43EE-BC49-B18EE7528335}.Release|Any CPU.Build.0 = Release|Any CPU
	EndGlobalSection
	GlobalSection(SolutionProperties) = preSolution
		HideSolutionNode = FALSE
	EndGlobalSection
	GlobalSection(ExtensibilityGlobals) = postSolution
		SolutionGuid = {739397EE-0BB9-4C3A-8ECB-25E240C5CD5A}
	EndGlobalSection
EndGlobal
