
Microsoft Visual Studio Solution File, Format Version 12.00
# Visual Studio Version 17
VisualStudioVersion = 17.14.37628.2 d17.14
MinimumVisualStudioVersion = 10.0.40219.1
Project("{FAE04EC0-301F-11D3-BF4B-00C04F79EFBC}") = "Assigment_3", "Assigment_3\Assigment_3.csproj", "{213F093C-B51B-4668-AF46-A2FEB6F36BE2}"
EndProject
Global
	GlobalSection(SolutionConfigurationPlatforms) = preSolution
		Debug|Any CPU = Debug|Any CPU
		Release|Any CPU = Release|Any CPU
	EndGlobalSection
	GlobalSection(ProjectConfigurationPlatforms) = postSolution
		{213F093C-B51B-4668-AF46-A2FEB6F36BE2}.Debug|Any CPU.ActiveCfg = Debug|Any CPU
		{213F093C-B51B-4668-AF46-A2FEB6F36BE2}.Debug|Any CPU.Build.0 = Debug|Any CPU
		{213F093C-B51B-4668-AF46-A2FEB6F36BE2}.Release|Any CPU.ActiveCfg = Release|Any CPU
		{213F093C-B51B-4668-AF46-A2FEB6F36BE2}.Release|Any CPU.Build.0 = Release|Any CPU
	EndGlobalSection
	GlobalSection(SolutionProperties) = preSolution
		HideSolutionNode = FALSE
	EndGlobalSection
	GlobalSection(ExtensibilityGlobals) = postSolution
		SolutionGuid = {8A0B4AC9-6150-431D-A391-7DD93139C59B}
	EndGlobalSection
EndGlobal
